<Solution>
  <Project Path="1051_HeightChecker/1051_HeightChecker.csproj" />
  <Project Path="1160_FindWordsThatCanBeFormedbyCharacters\1160_FindWordsThatCanBeFormedbyCharacters.csproj" />
  <Project Path="1189_MaximumNumberofBalloons\1189_MaximumNumberofBalloons.csproj" />
  <Project Path="118_PascalsTriangle\118_PascalsTriangle.csproj" />
  <Project Path="119_PascalsTriangleII\119_PascalsTriangleII.csproj" />
  <Project Path="122_BestTimetoBuyandSellStockII\122_BestTimetoBuyandSellStockII.csproj" />
  <Project Path="125_ValidPalindrome\125_ValidPalindrome.csproj" />
  <Project Path="128_LongestConsecutiveSequence\128_LongestConsecutiveSequence.csproj" />
  <Project Path="1291_SequentialDigits\1291_SequentialDigits.csproj" />
  <Project Path="1299_ReplaceElementswithGreatestElementonRightSide\1299_ReplaceElementswithGreatestElementonRightSide.csproj" />
  <Project Path="136_SingleNumber\136_SingleNumber.csproj" />
  <Project Path="1394_FindLuckyIntegerinanArray/1394_FindLuckyIntegerinanArray.csproj" />
  <Project Path="1396_DesignUndergroundSystem\1396_DesignUndergroundSystem.csproj" />
  <Project Path="1422_MaximumScoreAfterSplittingaString\1422_MaximumScoreAfterSplittingaString.csproj" />
  <Project Path="1436_DestinationCity\1436_DestinationCity.csproj" />
  <Project Path="1496_PathCrossing\1496_PathCrossing.csproj" />
  <Project Path="14_LongestCommonPrefix\14_LongestCommonPrefix.csproj" />
  <Project Path="1512_NumberofGoodPairs\1512_NumberofGoodPairs.csproj" />
  <Project Path="1603_DesignParkingSystem\1603_DesignParkingSystem.csproj" />
  <Project Path="1608_SpecialArrayWithXElementsGreaterThanorEqualX\1608_SpecialArrayWithXElementsGreaterThanorEqualX.csproj" />
  <Project Path="1624_LargestSubstringBetweenTwoEqualCharacters\1624_LargestSubstringBetweenTwoEqualCharacters.csproj" />
  <Project Path="1684_CounttheNumberofConsistentStrings/1684_CounttheNumberofConsistentStrings.csproj" />
  <Project Path="1685_SumofAbsoluteDifferencesinaSortedArray\1685_SumofAbsoluteDifferencesinaSortedArray.csproj" />
  <Project Path="169_MajorityElement\169_MajorityElement.csproj" />
  <Project Path="1700_NumberofStudentsUnabletoEatLunch\1700_NumberofStudentsUnabletoEatLunch.csproj" />
  <Project Path="1758_MinimumChangesToMakeAlternatingBinaryString\1758_MinimumChangesToMakeAlternatingBinaryString.csproj" />
  <Project Path="1768_MergeStringsAlternately/1768_MergeStringsAlternately.csproj" />
  <Project Path="179_LargestNumber\179_LargestNumber.csproj" />
  <Project Path="1800_MaximumAscendingSubarraySum/1800_MaximumAscendingSubarraySum.csproj" />
  <Project Path="1822_SignoftheProductofanArray\1822_SignoftheProductofanArray.csproj" />
  <Project Path="1897_RedistributeCharacterstoMakeAllStringsEqual\1897_RedistributeCharacterstoMakeAllStringsEqual.csproj" />
  <Project Path="1913_MaximumProductDifferenceBetweenTwoPairs\1913_MaximumProductDifferenceBetweenTwoPairs.csproj" />
  <Project Path="1929_ConcatenationofArray\1929_ConcatenationofArray.csproj" />
  <Project Path="1930_UniqueLength3PalindromicSubsequences\1930_UniqueLength3PalindromicSubsequences.csproj" />
  <Project Path="1963_MinimumNumberofSwapstoMaketheStringBalanced\1963_MinimumNumberofSwapstoMaketheStringBalanced.csproj" />
  <Project Path="1_TwoSum\1_TwoSum.csproj" />
  <Project Path="2001_NumberofPairsofInterchangeableRectangles\2001_NumberofPairsofInterchangeableRectangles.csproj" />
  <Project Path="2053_KthDistinctStringinanArray/2053_KthDistinctStringinanArray.csproj" />
  <Project Path="205_IsomorphicStrings\205_IsomorphicStrings.csproj" />
  <Project Path="2073_TimeNeededtoBuyTickets\2073_TimeNeededtoBuyTickets.csproj" />
  <Project Path="2108_FindFirstPalindromicStringintheArray/2108_FindFirstPalindromicStringintheArray.csproj" />
  <Project Path="217_ContainsDuplicate\217_ContainsDuplicate.csproj" />
  <Project Path="2206_DivideArrayIntoEqualPairs/2206_DivideArrayIntoEqualPairs.csproj" />
  <Project Path="2215_FindtheDifferenceofTwoArrays\2215_FindtheDifferenceofTwoArrays.csproj" />
  <Project Path="2264_Largest3SameDigitNumberinString\2264_Largest3SameDigitNumberinString.csproj" />
  <Project Path="2348_NumberofZeroFilledSubarrays\2348_NumberofZeroFilledSubarrays.csproj" />
  <Project Path="238_ProductofArrayExceptSelf\238_ProductofArrayExceptSelf.csproj" />
  <Project Path="2405_OptimalPartitionofString\2405_OptimalPartitionofString.csproj" />
  <Project Path="2418_SortthePeople/2418_SortthePeople.csproj" />
  <Project Path="242_Valid_Anagram\242_Valid_Anagram.csproj" />
  <Project Path="2486_AppendCharacterstoStringtoMakeSubsequence/2486_AppendCharacterstoStringtoMakeSubsequence.csproj" />
  <Project Path="2490_CircularSentence/2490_CircularSentence.csproj" />
  <Project Path="2610_ConvertanArrayIntoa2DArrayWithConditions\2610_ConvertanArrayIntoa2DArrayWithConditions.csproj" />
  <Project Path="2678_NumberofSeniorCitizens/2678_NumberofSeniorCitizens.csproj" />
  <Project Path="271_EncodeandDecodeStrings\271_EncodeandDecodeStrings.csproj" />
  <Project Path="27_RemoveElement\27_RemoveElement.csproj" />
  <Project Path="2870_MinimumNumberofOperationstoMakeArrayEmpty\2870_MinimumNumberofOperationstoMakeArrayEmpty.csproj" />
  <Project Path="28_FindtheIndexoftheFirstOccurrenceinaString\28_FindtheIndexoftheFirstOccurrenceinaString.csproj" />
  <Project Path="290_WordPattern\290_WordPattern.csproj" />
  <Project Path="2965_FindMissingandRepeatedValues/2965_FindMissingandRepeatedValues.csproj" />
  <Project Path="2966_DivideArrayIntoArraysWithMaxDifference\2966_DivideArrayIntoArraysWithMaxDifference.csproj" />
  <Project Path="303_RangeSumQueryImmutable\303_RangeSumQueryImmutable.csproj" />
  <Project Path="304_RangeSumQuery2DImmutable\304_RangeSumQuery2DImmutable.csproj" />
  <Project Path="3105_LongestStrictlyIncreasingorStrictlyDecreasingSubarray/3105_LongestStrictlyIncreasingorStrictlyDecreasingSubarray.csproj" />
  <Project Path="3110_ScoreofaString/3110_ScoreofaString.csproj" />
  <Project Path="3151_SpecialArrayI/3151_SpecialArrayI.csproj" />
  <Project Path="3289_TheTwoSneakyNumbersofDigitville\3289_TheTwoSneakyNumbersofDigitville.csproj" />
  <Project Path="3442_MaximumDifferenceBetweenEvenandOddFrequencyI/3442_MaximumDifferenceBetweenEvenandOddFrequencyI.csproj" />
  <Project Path="344_ReverseString\344_ReverseString.csproj" />
  <Project Path="347_TopKFrequentElements\347_TopKFrequentElements.csproj" />
  <Project Path="349_IntersectionofTwoArrays\349_IntersectionofTwoArrays.csproj" />
  <Project Path="36_ValidSudoku\36_ValidSudoku.csproj" />
  <Project Path="380_InsertDeleteGetRandom\380_InsertDeleteGetRandom.csproj" />
  <Project Path="383_RansomNote/383_RansomNote.csproj" />
  <Project Path="387_FirstUniqueCharacterinaString\387_FirstUniqueCharacterinaString.csproj" />
  <Project Path="392_IsSubsequence\392_IsSubsequence.csproj" />
  <Project Path="409_LongestPalindrome/409_LongestPalindrome.csproj" /> 
  <Project Path="438_FindAllAnagramsinaString\438_FindAllAnagramsinaString.csproj" />
  <Project Path="442_FindAllDuplicatesinanArray\442_FindAllDuplicatesinanArray.csproj" />
  <Project Path="448_FindAllNumbersDisappearedinanArray\448_FindAllNumbersDisappearedinanArray.csproj" />
  <Project Path="451_SortCharactersByFrequency\451_SortCharactersByFrequency.csproj" />
  <Project Path="455_AssignCookies/455_AssignCookies.csproj" />
  <Project Path="485_MaxConsecutiveOnes/485_MaxConsecutiveOnes.csproj" />
  <Project Path="496_NextGreaterElementI\496_NextGreaterElementI.csproj" />
  <Project Path="49_GroupAnagrams\49_GroupAnagrams.csproj" />
  <Project Path="525_ContiguousArray\525_ContiguousArray.csproj" />
  <Project Path="554_BrickWall\554_BrickWall.csproj" />
  <Project Path="560_SubarraySumEqualsK\560_SubarraySumEqualsK.csproj" />
  <Project Path="58_LengthofLastWord\58_LengthofLastWord.csproj" />
  <Project Path="605_CanPlaceFlowers\605_CanPlaceFlowers.csproj" />
  <Project Path="645_SetMismatch\645_SetMismatch.csproj" />
  <Project Path="680_ValidPalindromeII\680_ValidPalindromeII.csproj" />
  <Project Path="705_DesignHashSet\705_DesignHashSet.csproj" />
  <Project Path="706_DesignHashMap\706_DesignHashMap.csproj" />
  <Project Path="724_FindPivotIndex\724_FindPivotIndex.csproj" />
  <Project Path="75_SortColors\75_SortColors.csproj" />
  <Project Path="884_UncommonWordsfromTwoSentences/884_UncommonWordsfromTwoSentences.csproj" />
  <Project Path="896_MonotonicArray\896_MonotonicArray.csproj" />
  <Project Path="912_SortanArray\912_SortanArray.csproj" />
  <Project Path="929_UniqueEmailAddresses\929_UniqueEmailAddresses.csproj" />
  <Project Path="977_SquaresofaSortedArray/977_SquaresofaSortedArray.csproj" />
  <Project Path="9_PalindromeNumber\9_PalindromeNumber.csproj" />
</Solution>