Microsoft Visual Studio Solution File, Format Version 12.00
# Visual Studio Version 17
VisualStudioVersion = 17.5.2.0
MinimumVisualStudioVersion = 10.0.40219.1
Project("{FAE04EC0-301F-11D3-BF4B-00C04F79EFBC}") = "2053_KthDistinctStringinanArray", "2053_KthDistinctStringinanArray.csproj", "{991FE74A-771F-FE7C-3AC1-B02223D6EC7D}"
EndProject
Global
	GlobalSection(SolutionConfigurationPlatforms) = preSolution
		Debug|Any CPU = Debug|Any CPU
		Release|Any CPU = Release|Any CPU
	EndGlobalSection
	GlobalSection(ProjectConfigurationPlatforms) = postSolution
		{991FE74A-771F-FE7C-3AC1-B02223D6EC7D}.Debug|Any CPU.ActiveCfg = Debug|Any CPU
		{991FE74A-771F-FE7C-3AC1-B02223D6EC7D}.Debug|Any CPU.Build.0 = Debug|Any CPU
		{991FE74A-771F-FE7C-3AC1-B02223D6EC7D}.Release|Any CPU.ActiveCfg = Release|Any CPU
		{991FE74A-771F-FE7C-3AC1-B02223D6EC7D}.Release|Any CPU.Build.0 = Release|Any CPU
	EndGlobalSection
	GlobalSection(SolutionProperties) = preSolution
		HideSolutionNode = FALSE
	EndGlobalSection
	GlobalSection(ExtensibilityGlobals) = postSolution
		SolutionGuid = {4EED34F4-E785-4326-AA94-9183381FEFDB}
	EndGlobalSection
EndGlobal
