Microsoft Visual Studio Solution File, Format Version 12.00
# Visual Studio Version 17
VisualStudioVersion = 17.5.2.0
MinimumVisualStudioVersion = 10.0.40219.1
Project("{FAE04EC0-301F-11D3-BF4B-00C04F79EFBC}") = "1800_MaximumAscendingSubarraySum", "1800_MaximumAscendingSubarraySum.csproj", "{CE2A63E3-B6C1-5526-148A-CAF459D927EF}"
EndProject
Global
	GlobalSection(SolutionConfigurationPlatforms) = preSolution
		Debug|Any CPU = Debug|Any CPU
		Release|Any CPU = Release|Any CPU
	EndGlobalSection
	GlobalSection(ProjectConfigurationPlatforms) = postSolution
		{CE2A63E3-B6C1-5526-148A-CAF459D927EF}.Debug|Any CPU.ActiveCfg = Debug|Any CPU
		{CE2A63E3-B6C1-5526-148A-CAF459D927EF}.Debug|Any CPU.Build.0 = Debug|Any CPU
		{CE2A63E3-B6C1-5526-148A-CAF459D927EF}.Release|Any CPU.ActiveCfg = Release|Any CPU
		{CE2A63E3-B6C1-5526-148A-CAF459D927EF}.Release|Any CPU.Build.0 = Release|Any CPU
	EndGlobalSection
	GlobalSection(SolutionProperties) = preSolution
		HideSolutionNode = FALSE
	EndGlobalSection
	GlobalSection(ExtensibilityGlobals) = postSolution
		SolutionGuid = {8308F49E-E557-4DFA-BE2D-E94DB6EA00FE}
	EndGlobalSection
EndGlobal
