Microsoft Visual Studio Solution File, Format Version 12.00
# Visual Studio Version 17
VisualStudioVersion = 17.5.2.0
MinimumVisualStudioVersion = 10.0.40219.1
Project("{FAE04EC0-301F-11D3-BF4B-00C04F79EFBC}") = "1051_HeightChecker", "1051_HeightChecker.csproj", "{377B92BB-9AAB-A590-C1FD-D759B15AA246}"
EndProject
Global
	GlobalSection(SolutionConfigurationPlatforms) = preSolution
		Debug|Any CPU = Debug|Any CPU
		Release|Any CPU = Release|Any CPU
	EndGlobalSection
	GlobalSection(ProjectConfigurationPlatforms) = postSolution
		{377B92BB-9AAB-A590-C1FD-D759B15AA246}.Debug|Any CPU.ActiveCfg = Debug|Any CPU
		{377B92BB-9AAB-A590-C1FD-D759B15AA246}.Debug|Any CPU.Build.0 = Debug|Any CPU
		{377B92BB-9AAB-A590-C1FD-D759B15AA246}.Release|Any CPU.ActiveCfg = Release|Any CPU
		{377B92BB-9AAB-A590-C1FD-D759B15AA246}.Release|Any CPU.Build.0 = Release|Any CPU
	EndGlobalSection
	GlobalSection(SolutionProperties) = preSolution
		HideSolutionNode = FALSE
	EndGlobalSection
	GlobalSection(ExtensibilityGlobals) = postSolution
		SolutionGuid = {87A7F614-55EC-4C02-8954-FE67E3BFD181}
	EndGlobalSection
EndGlobal
