Microsoft Visual Studio Solution File, Format Version 12.00
# Visual Studio Version 17
VisualStudioVersion = 17.5.2.0
MinimumVisualStudioVersion = 10.0.40219.1
Project("{FAE04EC0-301F-11D3-BF4B-00C04F79EFBC}") = "3110_ScoreofaString", "3110_ScoreofaString.csproj", "{8092F755-AA98-0B69-E764-248F625BB530}"
EndProject
Global
	GlobalSection(SolutionConfigurationPlatforms) = preSolution
		Debug|Any CPU = Debug|Any CPU
		Release|Any CPU = Release|Any CPU
	EndGlobalSection
	GlobalSection(ProjectConfigurationPlatforms) = postSolution
		{8092F755-AA98-0B69-E764-248F625BB530}.Debug|Any CPU.ActiveCfg = Debug|Any CPU
		{8092F755-AA98-0B69-E764-248F625BB530}.Debug|Any CPU.Build.0 = Debug|Any CPU
		{8092F755-AA98-0B69-E764-248F625BB530}.Release|Any CPU.ActiveCfg = Release|Any CPU
		{8092F755-AA98-0B69-E764-248F625BB530}.Release|Any CPU.Build.0 = Release|Any CPU
	EndGlobalSection
	GlobalSection(SolutionProperties) = preSolution
		HideSolutionNode = FALSE
	EndGlobalSection
	GlobalSection(ExtensibilityGlobals) = postSolution
		SolutionGuid = {0885648B-6632-4442-A4D5-A0595C14BC3C}
	EndGlobalSection
EndGlobal
